// !$*UTF8*$!
{
	archiveVersion = 1;
	classes = {
	};
	objectVersion = 56;
	objects = {

/* Begin PBXBuildFile section */
		D4037F232C6E5D8E00203AB0 /* Success.swift in Sources */ = {isa = PBXBuildFile; fileRef = D4037F222C6E5D8E00203AB0 /* Success.swift */; };
		D403F7942BD6392E005EF0F5 /* MapView.swift in Sources */ = {isa = PBXBuildFile; fileRef = D403F7932BD6392E005EF0F5 /* MapView.swift */; };
		D43EF6CC2BC7A5DF003FC111 /* ViewModel.swift in Sources */ = {isa = PBXBuildFile; fileRef = D43EF6CB2BC7A5DF003FC111 /* ViewModel.swift */; };
		D43EF6CE2BCCEFA2003FC111 /* SubmitView.swift in Sources */ = {isa = PBXBuildFile; fileRef = D43EF6CD2BCCEFA2003FC111 /* SubmitView.swift */; };
		D43EF6D02BCCF101003FC111 /* ReviewView.swift in Sources */ = {isa = PBXBuildFile; fileRef = D43EF6CF2BCCF101003FC111 /* ReviewView.swift */; };
		D43EF6D22BCCF270003FC111 /* StarsView.swift in Sources */ = {isa = PBXBuildFile; fileRef = D43EF6D12BCCF270003FC111 /* StarsView.swift */; };
		D43EF6D42BD0DD22003FC111 /* ReviewListView.swift in Sources */ = {isa = PBXBuildFile; fileRef = D43EF6D32BD0DD22003FC111 /* ReviewListView.swift */; };
		D479950C2C9EADB50026C781 /* ListTabView.swift in Sources */ = {isa = PBXBuildFile; fileRef = D479950B2C9EADA70026C781 /* ListTabView.swift */; };
		D479950E2C9EB7F50026C781 /* MapTabView.swift in Sources */ = {isa = PBXBuildFile; fileRef = D479950D2C9EB7E90026C781 /* MapTabView.swift */; };
		D4B905812DF77E4A00B8BD0E /* MultiSelectRow.swift in Sources */ = {isa = PBXBuildFile; fileRef = D4B905802DF77E4A00B8BD0E /* MultiSelectRow.swift */; };
		D4E6E0942B9079CB00BB6E57 /* RoofApp.swift in Sources */ = {isa = PBXBuildFile; fileRef = D4E6E0932B9079CB00BB6E57 /* RoofApp.swift */; };
		D4E6E0962B9079CB00BB6E57 /* ContentView.swift in Sources */ = {isa = PBXBuildFile; fileRef = D4E6E0952B9079CB00BB6E57 /* ContentView.swift */; };
		D4E6E0982B9079CC00BB6E57 /* Assets.xcassets in Resources */ = {isa = PBXBuildFile; fileRef = D4E6E0972B9079CC00BB6E57 /* Assets.xcassets */; };
		D4E6E09C2B9079CC00BB6E57 /* Preview Assets.xcassets in Resources */ = {isa = PBXBuildFile; fileRef = D4E6E09B2B9079CC00BB6E57 /* Preview Assets.xcassets */; };
		D4E6E0A62B9079CC00BB6E57 /* RoofTests.swift in Sources */ = {isa = PBXBuildFile; fileRef = D4E6E0A52B9079CC00BB6E57 /* RoofTests.swift */; };
		D4E6E0B02B9079CC00BB6E57 /* RoofUITests.swift in Sources */ = {isa = PBXBuildFile; fileRef = D4E6E0AF2B9079CC00BB6E57 /* RoofUITests.swift */; };
		D4E6E0B22B9079CC00BB6E57 /* RoofUITestsLaunchTests.swift in Sources */ = {isa = PBXBuildFile; fileRef = D4E6E0B12B9079CC00BB6E57 /* RoofUITestsLaunchTests.swift */; };
/* End PBXBuildFile section */

/* Begin PBXContainerItemProxy section */
		D4E6E0A22B9079CC00BB6E57 /* PBXContainerItemProxy */ = {
			isa = PBXContainerItemProxy;
			containerPortal = D4E6E0882B9079CB00BB6E57 /* Project object */;
			proxyType = 1;
			remoteGlobalIDString = D4E6E08F2B9079CB00BB6E57;
			remoteInfo = Roof;
		};
		D4E6E0AC2B9079CC00BB6E57 /* PBXContainerItemProxy */ = {
			isa = PBXContainerItemProxy;
			containerPortal = D4E6E0882B9079CB00BB6E57 /* Project object */;
			proxyType = 1;
			remoteGlobalIDString = D4E6E08F2B9079CB00BB6E57;
			remoteInfo = Roof;
		};
/* End PBXContainerItemProxy section */

/* Begin PBXFileReference section */
		D4037F222C6E5D8E00203AB0 /* Success.swift */ = {isa = PBXFileReference; lastKnownFileType = sourcecode.swift; path = Success.swift; sourceTree = "<group>"; };
		D403F7932BD6392E005EF0F5 /* MapView.swift */ = {isa = PBXFileReference; lastKnownFileType = sourcecode.swift; path = MapView.swift; sourceTree = "<group>"; };
		D43EF6CB2BC7A5DF003FC111 /* ViewModel.swift */ = {isa = PBXFileReference; lastKnownFileType = sourcecode.swift; path = ViewModel.swift; sourceTree = "<group>"; };
		D43EF6CD2BCCEFA2003FC111 /* SubmitView.swift */ = {isa = PBXFileReference; lastKnownFileType = sourcecode.swift; path = SubmitView.swift; sourceTree = "<group>"; };
		D43EF6CF2BCCF101003FC111 /* ReviewView.swift */ = {isa = PBXFileReference; lastKnownFileType = sourcecode.swift; path = ReviewView.swift; sourceTree = "<group>"; };
		D43EF6D12BCCF270003FC111 /* StarsView.swift */ = {isa = PBXFileReference; lastKnownFileType = sourcecode.swift; path = StarsView.swift; sourceTree = "<group>"; };
		D43EF6D32BD0DD22003FC111 /* ReviewListView.swift */ = {isa = PBXFileReference; lastKnownFileType = sourcecode.swift; path = ReviewListView.swift; sourceTree = "<group>"; };
		D479950B2C9EADA70026C781 /* ListTabView.swift */ = {isa = PBXFileReference; lastKnownFileType = sourcecode.swift; path = ListTabView.swift; sourceTree = "<group>"; };
		D479950D2C9EB7E90026C781 /* MapTabView.swift */ = {isa = PBXFileReference; lastKnownFileType = sourcecode.swift; path = MapTabView.swift; sourceTree = "<group>"; };
		D4B905802DF77E4A00B8BD0E /* MultiSelectRow.swift */ = {isa = PBXFileReference; lastKnownFileType = sourcecode.swift; path = MultiSelectRow.swift; sourceTree = "<group>"; };
		D4E6E0902B9079CB00BB6E57 /* Roof.app */ = {isa = PBXFileReference; explicitFileType = wrapper.application; includeInIndex = 0; path = Roof.app; sourceTree = BUILT_PRODUCTS_DIR; };
		D4E6E0932B9079CB00BB6E57 /* RoofApp.swift */ = {isa = PBXFileReference; lastKnownFileType = sourcecode.swift; path = RoofApp.swift; sourceTree = "<group>"; };
		D4E6E0952B9079CB00BB6E57 /* ContentView.swift */ = {isa = PBXFileReference; lastKnownFileType = sourcecode.swift; path = ContentView.swift; sourceTree = "<group>"; };
		D4E6E0972B9079CC00BB6E57 /* Assets.xcassets */ = {isa = PBXFileReference; lastKnownFileType = folder.assetcatalog; path = Assets.xcassets; sourceTree = "<group>"; };
		D4E6E0992B9079CC00BB6E57 /* Roof.entitlements */ = {isa = PBXFileReference; lastKnownFileType = text.plist.entitlements; path = Roof.entitlements; sourceTree = "<group>"; };
		D4E6E09B2B9079CC00BB6E57 /* Preview Assets.xcassets */ = {isa = PBXFileReference; lastKnownFileType = folder.assetcatalog; path = "Preview Assets.xcassets"; sourceTree = "<group>"; };
		D4E6E0A12B9079CC00BB6E57 /* RoofTests.xctest */ = {isa = PBXFileReference; explicitFileType = wrapper.cfbundle; includeInIndex = 0; path = RoofTests.xctest; sourceTree = BUILT_PRODUCTS_DIR; };
		D4E6E0A52B9079CC00BB6E57 /* RoofTests.swift */ = {isa = PBXFileReference; lastKnownFileType = sourcecode.swift; path = RoofTests.swift; sourceTree = "<group>"; };
		D4E6E0AB2B9079CC00BB6E57 /* RoofUITests.xctest */ = {isa = PBXFileReference; explicitFileType = wrapper.cfbundle; includeInIndex = 0; path = RoofUITests.xctest; sourceTree = BUILT_PRODUCTS_DIR; };
		D4E6E0AF2B9079CC00BB6E57 /* RoofUITests.swift */ = {isa = PBXFileReference; lastKnownFileType = sourcecode.swift; path = RoofUITests.swift; sourceTree = "<group>"; };
		D4E6E0B12B9079CC00BB6E57 /* RoofUITestsLaunchTests.swift */ = {isa = PBXFileReference; lastKnownFileType = sourcecode.swift; path = RoofUITestsLaunchTests.swift; sourceTree = "<group>"; };
/* End PBXFileReference section */

/* Begin PBXFrameworksBuildPhase section */
		D4E6E08D2B9079CB00BB6E57 /* Frameworks */ = {
			isa = PBXFrameworksBuildPhase;
			buildActionMask = 2147483647;
			files = (
			);
			runOnlyForDeploymentPostprocessing = 0;
		};
		D4E6E09E2B9079CC00BB6E57 /* Frameworks */ = {
			isa = PBXFrameworksBuildPhase;
			buildActionMask = 2147483647;
			files = (
			);
			runOnlyForDeploymentPostprocessing = 0;
		};
		D4E6E0A82B9079CC00BB6E57 /* Frameworks */ = {
			isa = PBXFrameworksBuildPhase;
			buildActionMask = 2147483647;
			files = (
			);
			runOnlyForDeploymentPostprocessing = 0;
		};
/* End PBXFrameworksBuildPhase section */

/* Begin PBXGroup section */
		D4E6E0872B9079CB00BB6E57 = {
			isa = PBXGroup;
			children = (
				D4E6E0922B9079CB00BB6E57 /* Roof */,
				D4E6E0A42B9079CC00BB6E57 /* RoofTests */,
				D4E6E0AE2B9079CC00BB6E57 /* RoofUITests */,
				D4E6E0912B9079CB00BB6E57 /* Products */,
			);
			sourceTree = "<group>";
		};
		D4E6E0912B9079CB00BB6E57 /* Products */ = {
			isa = PBXGroup;
			children = (
				D4E6E0902B9079CB00BB6E57 /* Roof.app */,
				D4E6E0A12B9079CC00BB6E57 /* RoofTests.xctest */,
				D4E6E0AB2B9079CC00BB6E57 /* RoofUITests.xctest */,
			);
			name = Products;
			sourceTree = "<group>";
		};
		D4E6E0922B9079CB00BB6E57 /* Roof */ = {
			isa = PBXGroup;
			children = (
				D43EF6CB2BC7A5DF003FC111 /* ViewModel.swift */,
				D43EF6CF2BCCF101003FC111 /* ReviewView.swift */,
				D403F7932BD6392E005EF0F5 /* MapView.swift */,
				D479950D2C9EB7E90026C781 /* MapTabView.swift */,
				D43EF6D32BD0DD22003FC111 /* ReviewListView.swift */,
				D43EF6D12BCCF270003FC111 /* StarsView.swift */,
				D4E6E0932B9079CB00BB6E57 /* RoofApp.swift */,
				D4E6E0952B9079CB00BB6E57 /* ContentView.swift */,
				D479950B2C9EADA70026C781 /* ListTabView.swift */,
				D4037F222C6E5D8E00203AB0 /* Success.swift */,
				D4E6E0972B9079CC00BB6E57 /* Assets.xcassets */,
				D4E6E0992B9079CC00BB6E57 /* Roof.entitlements */,
				D4E6E09A2B9079CC00BB6E57 /* Preview Content */,
				D43EF6CD2BCCEFA2003FC111 /* SubmitView.swift */,
				D4B905802DF77E4A00B8BD0E /* MultiSelectRow.swift */,
			);
			path = Roof;
			sourceTree = "<group>";
		};
		D4E6E09A2B9079CC00BB6E57 /* Preview Content */ = {
			isa = PBXGroup;
			children = (
				D4E6E09B2B9079CC00BB6E57 /* Preview Assets.xcassets */,
			);
			path = "Preview Content";
			sourceTree = "<group>";
		};
		D4E6E0A42B9079CC00BB6E57 /* RoofTests */ = {
			isa = PBXGroup;
			children = (
				D4E6E0A52B9079CC00BB6E57 /* RoofTests.swift */,
			);
			path = RoofTests;
			sourceTree = "<group>";
		};
		D4E6E0AE2B9079CC00BB6E57 /* RoofUITests */ = {
			isa = PBXGroup;
			children = (
				D4E6E0AF2B9079CC00BB6E57 /* RoofUITests.swift */,
				D4E6E0B12B9079CC00BB6E57 /* RoofUITestsLaunchTests.swift */,
			);
			path = RoofUITests;
			sourceTree = "<group>";
		};
/* End PBXGroup section */

/* Begin PBXNativeTarget section */
		D4E6E08F2B9079CB00BB6E57 /* Roof */ = {
			isa = PBXNativeTarget;
			buildConfigurationList = D4E6E0B52B9079CC00BB6E57 /* Build configuration list for PBXNativeTarget "Roof" */;
			buildPhases = (
				D4E6E08C2B9079CB00BB6E57 /* Sources */,
				D4E6E08D2B9079CB00BB6E57 /* Frameworks */,
				D4E6E08E2B9079CB00BB6E57 /* Resources */,
			);
			buildRules = (
			);
			dependencies = (
			);
			name = Roof;
			productName = Roof;
			productReference = D4E6E0902B9079CB00BB6E57 /* Roof.app */;
			productType = "com.apple.product-type.application";
		};
		D4E6E0A02B9079CC00BB6E57 /* RoofTests */ = {
			isa = PBXNativeTarget;
			buildConfigurationList = D4E6E0B82B9079CC00BB6E57 /* Build configuration list for PBXNativeTarget "RoofTests" */;
			buildPhases = (
				D4E6E09D2B9079CC00BB6E57 /* Sources */,
				D4E6E09E2B9079CC00BB6E57 /* Frameworks */,
				D4E6E09F2B9079CC00BB6E57 /* Resources */,
			);
			buildRules = (
			);
			dependencies = (
				D4E6E0A32B9079CC00BB6E57 /* PBXTargetDependency */,
			);
			name = RoofTests;
			productName = RoofTests;
			productReference = D4E6E0A12B9079CC00BB6E57 /* RoofTests.xctest */;
			productType = "com.apple.product-type.bundle.unit-test";
		};
		D4E6E0AA2B9079CC00BB6E57 /* RoofUITests */ = {
			isa = PBXNativeTarget;
			buildConfigurationList = D4E6E0BB2B9079CC00BB6E57 /* Build configuration list for PBXNativeTarget "RoofUITests" */;
			buildPhases = (
				D4E6E0A72B9079CC00BB6E57 /* Sources */,
				D4E6E0A82B9079CC00BB6E57 /* Frameworks */,
				D4E6E0A92B9079CC00BB6E57 /* Resources */,
			);
			buildRules = (
			);
			dependencies = (
				D4E6E0AD2B9079CC00BB6E57 /* PBXTargetDependency */,
			);
			name = RoofUITests;
			productName = RoofUITests;
			productReference = D4E6E0AB2B9079CC00BB6E57 /* RoofUITests.xctest */;
			productType = "com.apple.product-type.bundle.ui-testing";
		};
/* End PBXNativeTarget section */

/* Begin PBXProject section */
		D4E6E0882B9079CB00BB6E57 /* Project object */ = {
			isa = PBXProject;
			attributes = {
				BuildIndependentTargetsInParallel = 1;
				LastSwiftUpdateCheck = 1520;
				LastUpgradeCheck = 1640;
				TargetAttributes = {
					D4E6E08F2B9079CB00BB6E57 = {
						CreatedOnToolsVersion = 15.2;
					};
					D4E6E0A02B9079CC00BB6E57 = {
						CreatedOnToolsVersion = 15.2;
						TestTargetID = D4E6E08F2B9079CB00BB6E57;
					};
					D4E6E0AA2B9079CC00BB6E57 = {
						CreatedOnToolsVersion = 15.2;
						TestTargetID = D4E6E08F2B9079CB00BB6E57;
					};
				};
			};
			buildConfigurationList = D4E6E08B2B9079CB00BB6E57 /* Build configuration list for PBXProject "Roof" */;
			compatibilityVersion = "Xcode 14.0";
			developmentRegion = en;
			hasScannedForEncodings = 0;
			knownRegions = (
				en,
				Base,
			);
			mainGroup = D4E6E0872B9079CB00BB6E57;
			productRefGroup = D4E6E0912B9079CB00BB6E57 /* Products */;
			projectDirPath = "";
			projectRoot = "";
			targets = (
				D4E6E08F2B9079CB00BB6E57 /* Roof */,
				D4E6E0A02B9079CC00BB6E57 /* RoofTests */,
				D4E6E0AA2B9079CC00BB6E57 /* RoofUITests */,
			);
		};
/* End PBXProject section */

/* Begin PBXResourcesBuildPhase section */
		D4E6E08E2B9079CB00BB6E57 /* Resources */ = {
			isa = PBXResourcesBuildPhase;
			buildActionMask = 2147483647;
			files = (
				D4E6E09C2B9079CC00BB6E57 /* Preview Assets.xcassets in Resources */,
				D4E6E0982B9079CC00BB6E57 /* Assets.xcassets in Resources */,
			);
			runOnlyForDeploymentPostprocessing = 0;
		};
		D4E6E09F2B9079CC00BB6E57 /* Resources */ = {
			isa = PBXResourcesBuildPhase;
			buildActionMask = 2147483647;
			files = (
			);
			runOnlyForDeploymentPostprocessing = 0;
		};
		D4E6E0A92B9079CC00BB6E57 /* Resources */ = {
			isa = PBXResourcesBuildPhase;
			buildActionMask = 2147483647;
			files = (
			);
			runOnlyForDeploymentPostprocessing = 0;
		};
/* End PBXResourcesBuildPhase section */

/* Begin PBXSourcesBuildPhase section */
		D4E6E08C2B9079CB00BB6E57 /* Sources */ = {
			isa = PBXSourcesBuildPhase;
			buildActionMask = 2147483647;
			files = (
				D43EF6D02BCCF101003FC111 /* ReviewView.swift in Sources */,
				D4037F232C6E5D8E00203AB0 /* Success.swift in Sources */,
				D479950C2C9EADB50026C781 /* ListTabView.swift in Sources */,
				D43EF6D22BCCF270003FC111 /* StarsView.swift in Sources */,
				D43EF6D42BD0DD22003FC111 /* ReviewListView.swift in Sources */,
				D43EF6CC2BC7A5DF003FC111 /* ViewModel.swift in Sources */,
				D4B905812DF77E4A00B8BD0E /* MultiSelectRow.swift in Sources */,
				D43EF6CE2BCCEFA2003FC111 /* SubmitView.swift in Sources */,
				D4E6E0962B9079CB00BB6E57 /* ContentView.swift in Sources */,
				D479950E2C9EB7F50026C781 /* MapTabView.swift in Sources */,
				D403F7942BD6392E005EF0F5 /* MapView.swift in Sources */,
				D4E6E0942B9079CB00BB6E57 /* RoofApp.swift in Sources */,
			);
			runOnlyForDeploymentPostprocessing = 0;
		};
		D4E6E09D2B9079CC00BB6E57 /* Sources */ = {
			isa = PBXSourcesBuildPhase;
			buildActionMask = 2147483647;
			files = (
				D4E6E0A62B9079CC00BB6E57 /* RoofTests.swift in Sources */,
			);
			runOnlyForDeploymentPostprocessing = 0;
		};
		D4E6E0A72B9079CC00BB6E57 /* Sources */ = {
			isa = PBXSourcesBuildPhase;
			buildActionMask = 2147483647;
			files = (
				D4E6E0B22B9079CC00BB6E57 /* RoofUITestsLaunchTests.swift in Sources */,
				D4E6E0B02B9079CC00BB6E57 /* RoofUITests.swift in Sources */,
			);
			runOnlyForDeploymentPostprocessing = 0;
		};
/* End PBXSourcesBuildPhase section */

/* Begin PBXTargetDependency section */
		D4E6E0A32B9079CC00BB6E57 /* PBXTargetDependency */ = {
			isa = PBXTargetDependency;
			target = D4E6E08F2B9079CB00BB6E57 /* Roof */;
			targetProxy = D4E6E0A22B9079CC00BB6E57 /* PBXContainerItemProxy */;
		};
		D4E6E0AD2B9079CC00BB6E57 /* PBXTargetDependency */ = {
			isa = PBXTargetDependency;
			target = D4E6E08F2B9079CB00BB6E57 /* Roof */;
			targetProxy = D4E6E0AC2B9079CC00BB6E57 /* PBXContainerItemProxy */;
		};
/* End PBXTargetDependency section */

/* Begin XCBuildConfiguration section */
		D4E6E0B32B9079CC00BB6E57 /* Debug */ = {
			isa = XCBuildConfiguration;
			buildSettings = {
				ALWAYS_SEARCH_USER_PATHS = NO;
				ASSETCATALOG_COMPILER_GENERATE_SWIFT_ASSET_SYMBOL_EXTENSIONS = YES;
				CLANG_ANALYZER_NONNULL = YES;
				CLANG_ANALYZER_NUMBER_OBJECT_CONVERSION = YES_AGGRESSIVE;
				CLANG_CXX_LANGUAGE_STANDARD = "gnu++20";
				CLANG_ENABLE_MODULES = YES;
				CLANG_ENABLE_OBJC_ARC = YES;
				CLANG_ENABLE_OBJC_WEAK = YES;
				CLANG_WARN_BLOCK_CAPTURE_AUTORELEASING = YES;
				CLANG_WARN_BOOL_CONVERSION = YES;
				CLANG_WARN_COMMA = YES;
				CLANG_WARN_CONSTANT_CONVERSION = YES;
				CLANG_WARN_DEPRECATED_OBJC_IMPLEMENTATIONS = YES;
				CLANG_WARN_DIRECT_OBJC_ISA_USAGE = YES_ERROR;
				CLANG_WARN_DOCUMENTATION_COMMENTS = YES;
				CLANG_WARN_EMPTY_BODY = YES;
				CLANG_WARN_ENUM_CONVERSION = YES;
				CLANG_WARN_INFINITE_RECURSION = YES;
				CLANG_WARN_INT_CONVERSION = YES;
				CLANG_WARN_NON_LITERAL_NULL_CONVERSION = YES;
				CLANG_WARN_OBJC_IMPLICIT_RETAIN_SELF = YES;
				CLANG_WARN_OBJC_LITERAL_CONVERSION = YES;
				CLANG_WARN_OBJC_ROOT_CLASS = YES_ERROR;
				CLANG_WARN_QUOTED_INCLUDE_IN_FRAMEWORK_HEADER = YES;
				CLANG_WARN_RANGE_LOOP_ANALYSIS = YES;
				CLANG_WARN_STRICT_PROTOTYPES = YES;
				CLANG_WARN_SUSPICIOUS_MOVE = YES;
				CLANG_WARN_UNGUARDED_AVAILABILITY = YES_AGGRESSIVE;
				CLANG_WARN_UNREACHABLE_CODE = YES;
				CLANG_WARN__DUPLICATE_METHOD_MATCH = YES;
				COPY_PHASE_STRIP = NO;
				DEAD_CODE_STRIPPING = YES;
				DEBUG_INFORMATION_FORMAT = dwarf;
				DEVELOPMENT_TEAM = W6PCDQ36JU;
				ENABLE_STRICT_OBJC_MSGSEND = YES;
				ENABLE_TESTABILITY = YES;
				ENABLE_USER_SCRIPT_SANDBOXING = YES;
				GCC_C_LANGUAGE_STANDARD = gnu17;
				GCC_DYNAMIC_NO_PIC = NO;
				GCC_NO_COMMON_BLOCKS = YES;
				GCC_OPTIMIZATION_LEVEL = 0;
				GCC_PREPROCESSOR_DEFINITIONS = (
					"DEBUG=1",
					"$(inherited)",
				);
				GCC_WARN_64_TO_32_BIT_CONVERSION = YES;
				GCC_WARN_ABOUT_RETURN_TYPE = YES_ERROR;
				GCC_WARN_UNDECLARED_SELECTOR = YES;
				GCC_WARN_UNINITIALIZED_AUTOS = YES_AGGRESSIVE;
				GCC_WARN_UNUSED_FUNCTION = YES;
				GCC_WARN_UNUSED_VARIABLE = YES;
				LOCALIZATION_PREFERS_STRING_CATALOGS = YES;
				MTL_ENABLE_DEBUG_INFO = INCLUDE_SOURCE;
				MTL_FAST_MATH = YES;
				ONLY_ACTIVE_ARCH = YES;
				SWIFT_ACTIVE_COMPILATION_CONDITIONS = "DEBUG $(inherited)";
				SWIFT_OPTIMIZATION_LEVEL = "-Onone";
			};
			name = Debug;
		};
		D4E6E0B42B9079CC00BB6E57 /* Release */ = {
			isa = XCBuildConfiguration;
			buildSettings = {
				ALWAYS_SEARCH_USER_PATHS = NO;
				ASSETCATALOG_COMPILER_GENERATE_SWIFT_ASSET_SYMBOL_EXTENSIONS = YES;
				CLANG_ANALYZER_NONNULL = YES;
				CLANG_ANALYZER_NUMBER_OBJECT_CONVERSION = YES_AGGRESSIVE;
				CLANG_CXX_LANGUAGE_STANDARD = "gnu++20";
				CLANG_ENABLE_MODULES = YES;
				CLANG_ENABLE_OBJC_ARC = YES;
				CLANG_ENABLE_OBJC_WEAK = YES;
				CLANG_WARN_BLOCK_CAPTURE_AUTORELEASING = YES;
				CLANG_WARN_BOOL_CONVERSION = YES;
				CLANG_WARN_COMMA = YES;
				CLANG_WARN_CONSTANT_CONVERSION = YES;
				CLANG_WARN_DEPRECATED_OBJC_IMPLEMENTATIONS = YES;
				CLANG_WARN_DIRECT_OBJC_ISA_USAGE = YES_ERROR;
				CLANG_WARN_DOCUMENTATION_COMMENTS = YES;
				CLANG_WARN_EMPTY_BODY = YES;
				CLANG_WARN_ENUM_CONVERSION = YES;
				CLANG_WARN_INFINITE_RECURSION = YES;
				CLANG_WARN_INT_CONVERSION = YES;
				CLANG_WARN_NON_LITERAL_NULL_CONVERSION = YES;
				CLANG_WARN_OBJC_IMPLICIT_RETAIN_SELF = YES;
				CLANG_WARN_OBJC_LITERAL_CONVERSION = YES;
				CLANG_WARN_OBJC_ROOT_CLASS = YES_ERROR;
				CLANG_WARN_QUOTED_INCLUDE_IN_FRAMEWORK_HEADER = YES;
				CLANG_WARN_RANGE_LOOP_ANALYSIS = YES;
				CLANG_WARN_STRICT_PROTOTYPES = YES;
				CLANG_WARN_SUSPICIOUS_MOVE = YES;
				CLANG_WARN_UNGUARDED_AVAILABILITY = YES_AGGRESSIVE;
				CLANG_WARN_UNREACHABLE_CODE = YES;
				CLANG_WARN__DUPLICATE_METHOD_MATCH = YES;
				COPY_PHASE_STRIP = NO;
				DEAD_CODE_STRIPPING = YES;
				DEBUG_INFORMATION_FORMAT = "dwarf-with-dsym";
				DEVELOPMENT_TEAM = W6PCDQ36JU;
				ENABLE_NS_ASSERTIONS = NO;
				ENABLE_STRICT_OBJC_MSGSEND = YES;
				ENABLE_USER_SCRIPT_SANDBOXING = YES;
				GCC_C_LANGUAGE_STANDARD = gnu17;
				GCC_NO_COMMON_BLOCKS = YES;
				GCC_WARN_64_TO_32_BIT_CONVERSION = YES;
				GCC_WARN_ABOUT_RETURN_TYPE = YES_ERROR;
				GCC_WARN_UNDECLARED_SELECTOR = YES;
				GCC_WARN_UNINITIALIZED_AUTOS = YES_AGGRESSIVE;
				GCC_WARN_UNUSED_FUNCTION = YES;
				GCC_WARN_UNUSED_VARIABLE = YES;
				LOCALIZATION_PREFERS_STRING_CATALOGS = YES;
				MTL_ENABLE_DEBUG_INFO = NO;
				MTL_FAST_MATH = YES;
				SWIFT_COMPILATION_MODE = wholemodule;
			};
			name = Release;
		};
		D4E6E0B62B9079CC00BB6E57 /* Debug */ = {
			isa = XCBuildConfiguration;
			buildSettings = {
				ASSETCATALOG_COMPILER_APPICON_NAME = AppIcon;
				ASSETCATALOG_COMPILER_GLOBAL_ACCENT_COLOR_NAME = AccentColor;
				CODE_SIGN_ENTITLEMENTS = Roof/Roof.entitlements;
				CODE_SIGN_STYLE = Automatic;
				CURRENT_PROJECT_VERSION = 1;
				DEAD_CODE_STRIPPING = YES;
				DEVELOPMENT_ASSET_PATHS = "\"Roof/Preview Content\"";
				ENABLE_HARDENED_RUNTIME = YES;
				ENABLE_PREVIEWS = YES;
				GENERATE_INFOPLIST_FILE = YES;
				"INFOPLIST_KEY_UIApplicationSceneManifest_Generation[sdk=iphoneos*]" = YES;
				"INFOPLIST_KEY_UIApplicationSceneManifest_Generation[sdk=iphonesimulator*]" = YES;
				"INFOPLIST_KEY_UIApplicationSupportsIndirectInputEvents[sdk=iphoneos*]" = YES;
				"INFOPLIST_KEY_UIApplicationSupportsIndirectInputEvents[sdk=iphonesimulator*]" = YES;
				"INFOPLIST_KEY_UILaunchScreen_Generation[sdk=iphoneos*]" = YES;
				"INFOPLIST_KEY_UILaunchScreen_Generation[sdk=iphonesimulator*]" = YES;
				"INFOPLIST_KEY_UIStatusBarStyle[sdk=iphoneos*]" = UIStatusBarStyleDefault;
				"INFOPLIST_KEY_UIStatusBarStyle[sdk=iphonesimulator*]" = UIStatusBarStyleDefault;
				INFOPLIST_KEY_UISupportedInterfaceOrientations_iPad = "UIInterfaceOrientationPortrait UIInterfaceOrientationPortraitUpsideDown UIInterfaceOrientationLandscapeLeft UIInterfaceOrientationLandscapeRight";
				INFOPLIST_KEY_UISupportedInterfaceOrientations_iPhone = "UIInterfaceOrientationPortrait UIInterfaceOrientationLandscapeLeft UIInterfaceOrientationLandscapeRight";
				IPHONEOS_DEPLOYMENT_TARGET = 17.2;
				LD_RUNPATH_SEARCH_PATHS = "@executable_path/Frameworks";
				"LD_RUNPATH_SEARCH_PATHS[sdk=macosx*]" = "@executable_path/../Frameworks";
				MACOSX_DEPLOYMENT_TARGET = 14.2;
				MARKETING_VERSION = 1.0;
				PRODUCT_BUNDLE_IDENTIFIER = Rob.Roof;
				PRODUCT_NAME = "$(TARGET_NAME)";
				SDKROOT = auto;
				SUPPORTED_PLATFORMS = "iphoneos iphonesimulator macosx";
				SWIFT_EMIT_LOC_STRINGS = YES;
				SWIFT_VERSION = 5.0;
				TARGETED_DEVICE_FAMILY = "1,2";
			};
			name = Debug;
		};
		D4E6E0B72B9079CC00BB6E57 /* Release */ = {
			isa = XCBuildConfiguration;
			buildSettings = {
				ASSETCATALOG_COMPILER_APPICON_NAME = AppIcon;
				ASSETCATALOG_COMPILER_GLOBAL_ACCENT_COLOR_NAME = AccentColor;
				CODE_SIGN_ENTITLEMENTS = Roof/Roof.entitlements;
				CODE_SIGN_STYLE = Automatic;
				CURRENT_PROJECT_VERSION = 1;
				DEAD_CODE_STRIPPING = YES;
				DEVELOPMENT_ASSET_PATHS = "\"Roof/Preview Content\"";
				ENABLE_HARDENED_RUNTIME = YES;
				ENABLE_PREVIEWS = YES;
				GENERATE_INFOPLIST_FILE = YES;
				"INFOPLIST_KEY_UIApplicationSceneManifest_Generation[sdk=iphoneos*]" = YES;
				"INFOPLIST_KEY_UIApplicationSceneManifest_Generation[sdk=iphonesimulator*]" = YES;
				"INFOPLIST_KEY_UIApplicationSupportsIndirectInputEvents[sdk=iphoneos*]" = YES;
				"INFOPLIST_KEY_UIApplicationSupportsIndirectInputEvents[sdk=iphonesimulator*]" = YES;
				"INFOPLIST_KEY_UILaunchScreen_Generation[sdk=iphoneos*]" = YES;
				"INFOPLIST_KEY_UILaunchScreen_Generation[sdk=iphonesimulator*]" = YES;
				"INFOPLIST_KEY_UIStatusBarStyle[sdk=iphoneos*]" = UIStatusBarStyleDefault;
				"INFOPLIST_KEY_UIStatusBarStyle[sdk=iphonesimulator*]" = UIStatusBarStyleDefault;
				INFOPLIST_KEY_UISupportedInterfaceOrientations_iPad = "UIInterfaceOrientationPortrait UIInterfaceOrientationPortraitUpsideDown UIInterfaceOrientationLandscapeLeft UIInterfaceOrientationLandscapeRight";
				INFOPLIST_KEY_UISupportedInterfaceOrientations_iPhone = "UIInterfaceOrientationPortrait UIInterfaceOrientationLandscapeLeft UIInterfaceOrientationLandscapeRight";
				IPHONEOS_DEPLOYMENT_TARGET = 17.2;
				LD_RUNPATH_SEARCH_PATHS = "@executable_path/Frameworks";
				"LD_RUNPATH_SEARCH_PATHS[sdk=macosx*]" = "@executable_path/../Frameworks";
				MACOSX_DEPLOYMENT_TARGET = 14.2;
				MARKETING_VERSION = 1.0;
				PRODUCT_BUNDLE_IDENTIFIER = Rob.Roof;
				PRODUCT_NAME = "$(TARGET_NAME)";
				SDKROOT = auto;
				SUPPORTED_PLATFORMS = "iphoneos iphonesimulator macosx";
				SWIFT_EMIT_LOC_STRINGS = YES;
				SWIFT_VERSION = 5.0;
				TARGETED_DEVICE_FAMILY = "1,2";
			};
			name = Release;
		};
		D4E6E0B92B9079CC00BB6E57 /* Debug */ = {
			isa = XCBuildConfiguration;
			buildSettings = {
				BUNDLE_LOADER = "$(TEST_HOST)";
				CODE_SIGN_STYLE = Automatic;
				CURRENT_PROJECT_VERSION = 1;
				DEAD_CODE_STRIPPING = YES;
				GENERATE_INFOPLIST_FILE = YES;
				IPHONEOS_DEPLOYMENT_TARGET = 17.2;
				MACOSX_DEPLOYMENT_TARGET = 14.2;
				MARKETING_VERSION = 1.0;
				PRODUCT_BUNDLE_IDENTIFIER = Rob.RoofTests;
				PRODUCT_NAME = "$(TARGET_NAME)";
				SDKROOT = auto;
				SUPPORTED_PLATFORMS = "iphoneos iphonesimulator macosx";
				SWIFT_EMIT_LOC_STRINGS = NO;
				SWIFT_VERSION = 5.0;
				TARGETED_DEVICE_FAMILY = "1,2";
				TEST_HOST = "$(BUILT_PRODUCTS_DIR)/Roof.app/$(BUNDLE_EXECUTABLE_FOLDER_PATH)/Roof";
			};
			name = Debug;
		};
		D4E6E0BA2B9079CC00BB6E57 /* Release */ = {
			isa = XCBuildConfiguration;
			buildSettings = {
				BUNDLE_LOADER = "$(TEST_HOST)";
				CODE_SIGN_STYLE = Automatic;
				CURRENT_PROJECT_VERSION = 1;
				DEAD_CODE_STRIPPING = YES;
				GENERATE_INFOPLIST_FILE = YES;
				IPHONEOS_DEPLOYMENT_TARGET = 17.2;
				MACOSX_DEPLOYMENT_TARGET = 14.2;
				MARKETING_VERSION = 1.0;
				PRODUCT_BUNDLE_IDENTIFIER = Rob.RoofTests;
				PRODUCT_NAME = "$(TARGET_NAME)";
				SDKROOT = auto;
				SUPPORTED_PLATFORMS = "iphoneos iphonesimulator macosx";
				SWIFT_EMIT_LOC_STRINGS = NO;
				SWIFT_VERSION = 5.0;
				TARGETED_DEVICE_FAMILY = "1,2";
				TEST_HOST = "$(BUILT_PRODUCTS_DIR)/Roof.app/$(BUNDLE_EXECUTABLE_FOLDER_PATH)/Roof";
			};
			name = Release;
		};
		D4E6E0BC2B9079CC00BB6E57 /* Debug */ = {
			isa = XCBuildConfiguration;
			buildSettings = {
				CODE_SIGN_STYLE = Automatic;
				CURRENT_PROJECT_VERSION = 1;
				DEAD_CODE_STRIPPING = YES;
				GENERATE_INFOPLIST_FILE = YES;
				IPHONEOS_DEPLOYMENT_TARGET = 17.2;
				MACOSX_DEPLOYMENT_TARGET = 14.2;
				MARKETING_VERSION = 1.0;
				PRODUCT_BUNDLE_IDENTIFIER = Rob.RoofUITests;
				PRODUCT_NAME = "$(TARGET_NAME)";
				SDKROOT = auto;
				SUPPORTED_PLATFORMS = "iphoneos iphonesimulator macosx";
				SWIFT_EMIT_LOC_STRINGS = NO;
				SWIFT_VERSION = 5.0;
				TARGETED_DEVICE_FAMILY = "1,2";
				TEST_TARGET_NAME = Roof;
			};
			name = Debug;
		};
		D4E6E0BD2B9079CC00BB6E57 /* Release */ = {
			isa = XCBuildConfiguration;
			buildSettings = {
				CODE_SIGN_STYLE = Automatic;
				CURRENT_PROJECT_VERSION = 1;
				DEAD_CODE_STRIPPING = YES;
				GENERATE_INFOPLIST_FILE = YES;
				IPHONEOS_DEPLOYMENT_TARGET = 17.2;
				MACOSX_DEPLOYMENT_TARGET = 14.2;
				MARKETING_VERSION = 1.0;
				PRODUCT_BUNDLE_IDENTIFIER = Rob.RoofUITests;
				PRODUCT_NAME = "$(TARGET_NAME)";
				SDKROOT = auto;
				SUPPORTED_PLATFORMS = "iphoneos iphonesimulator macosx";
				SWIFT_EMIT_LOC_STRINGS = NO;
				SWIFT_VERSION = 5.0;
				TARGETED_DEVICE_FAMILY = "1,2";
				TEST_TARGET_NAME = Roof;
			};
			name = Release;
		};
/* End XCBuildConfiguration section */

/* Begin XCConfigurationList section */
		D4E6E08B2B9079CB00BB6E57 /* Build configuration list for PBXProject "Roof" */ = {
			isa = XCConfigurationList;
			buildConfigurations = (
				D4E6E0B32B9079CC00BB6E57 /* Debug */,
				D4E6E0B42B9079CC00BB6E57 /* Release */,
			);
			defaultConfigurationIsVisible = 0;
			defaultConfigurationName = Release;
		};
		D4E6E0B52B9079CC00BB6E57 /* Build configuration list for PBXNativeTarget "Roof" */ = {
			isa = XCConfigurationList;
			buildConfigurations = (
				D4E6E0B62B9079CC00BB6E57 /* Debug */,
				D4E6E0B72B9079CC00BB6E57 /* Release */,
			);
			defaultConfigurationIsVisible = 0;
			defaultConfigurationName = Release;
		};
		D4E6E0B82B9079CC00BB6E57 /* Build configuration list for PBXNativeTarget "RoofTests" */ = {
			isa = XCConfigurationList;
			buildConfigurations = (
				D4E6E0B92B9079CC00BB6E57 /* Debug */,
				D4E6E0BA2B9079CC00BB6E57 /* Release */,
			);
			defaultConfigurationIsVisible = 0;
			defaultConfigurationName = Release;
		};
		D4E6E0BB2B9079CC00BB6E57 /* Build configuration list for PBXNativeTarget "RoofUITests" */ = {
			isa = XCConfigurationList;
			buildConfigurations = (
				D4E6E0BC2B9079CC00BB6E57 /* Debug */,
				D4E6E0BD2B9079CC00BB6E57 /* Release */,
			);
			defaultConfigurationIsVisible = 0;
			defaultConfigurationName = Release;
		};
/* End XCConfigurationList section */
	};
	rootObject = D4E6E0882B9079CB00BB6E57 /* Project object */;
}
